{
  "name": "json-resume-registry",
  "version": "1.0.0",
  "lockfileVersion": 3,
  "requires": true,
  "packages": {
    "": {
      "name": "json-resume-registry",
      "version": "1.0.0",
      "dependencies": {
        "jsonresume-theme-stackoverflow": "3.3.0",
        "resumed": "6.1.0"
      },
      "engines": {
        "node": ">=24.19.0"
      }
    },
    "node_modules/@jsonresume/schema": {
      "version": "1.3.1",
      "resolved": "https://registry.npmjs.org/@jsonresume/schema/-/schema-1.3.1.tgz",
      "integrity": "sha512-S9zH1vmS67b1Ld6p9A+sHiZgqZox4lWTVHtca3VarRVkRtp3C/EMQ2bSNlO39+o+0OZbrY+Srnn7Q8uJOtxZhQ==",
      "license": "MIT",
      "dependencies": {
        "jsonschema": "^1.4.1"
      },
      "engines": {
        "node": ">=20"
      }
    },
    "node_modules/jsonresume-theme-stackoverflow": {
      "version": "3.3.0",
      "resolved": "https://registry.npmjs.org/jsonresume-theme-stackoverflow/-/jsonresume-theme-stackoverflow-3.3.0.tgz",
      "integrity": "sha512-GYkFNQsO81Pf/BrKORFneD7/GVzbb9gkwnmUQumFh7T/FTCPUbpFuvw8kxLShuuA0bOl9kXq90FYe5WRaD94MA==",
      "license": "MIT"
    },
    "node_modules/jsonschema": {
      "version": "1.5.0",
      "resolved": "https://registry.npmjs.org/jsonschema/-/jsonschema-1.5.0.tgz",
      "integrity": "sha512-K+A9hhqbn0f3pJX17Q/7H6yQfD/5OXgdrR5UE12gMXCiN9D5Xq2o5mddV2QEcX/bjla99ASsAAQUyMCCRWAEhw==",
      "license": "MIT",
      "engines": {
        "node": "*"
      }
    },
    "node_modules/mri": {
      "version": "1.2.0",
      "resolved": "https://registry.npmjs.org/mri/-/mri-1.2.0.tgz",
      "integrity": "sha512-tzzskb3bG8LvYGFF/mDTpq3jpI6Q9wc3LEmBaghu+DdCssd1FakN7Bc0hVNmEyGq1bq3RgfkCb3cmQLpNPOroA==",
      "license": "MIT",
      "engines": {
        "node": ">=4"
      }
    },
    "node_modules/resumed": {
      "version": "6.1.0",
      "resolved": "https://registry.npmjs.org/resumed/-/resumed-6.1.0.tgz",
      "integrity": "sha512-VZbgG+auJZkpSKIzeDibu1q9w/XgMNNzGC8NLU9P3fH0YjiY4V2hq0knFemoBer1xR2wW8B3SagVkhHTpcBI7Q==",
      "license": "MIT",
      "dependencies": {
        "@jsonresume/schema": "^1.0.0",
        "sade": "^1.7.0",
        "strip-json-comments": "^5.0.0"
      },
      "bin": {
        "resumed": "bin/resumed.js"
      },
      "engines": {
        "node": "^20.12 || >=21.7"
      },
      "peerDependencies": {
        "puppeteer": "^24.0.0"
      },
      "peerDependenciesMeta": {
        "puppeteer": {
          "optional": true
        }
      }
    },
    "node_modules/sade": {
      "version": "1.8.1",
      "resolved": "https://registry.npmjs.org/sade/-/sade-1.8.1.tgz",
      "integrity": "sha512-xal3CZX1Xlo/k4ApwCFrHVACi9fBqJ7V+mwhBsuf/1IOKbBy098Fex+Wa/5QMubw09pSZ/u8EY8PWgevJsXp1A==",
      "license": "MIT",
      "dependencies": {
        "mri": "^1.1.0"
      },
      "engines": {
        "node": ">=6"
      }
    },
    "node_modules/strip-json-comments": {
      "version": "5.0.3",
      "resolved": "https://registry.npmjs.org/strip-json-comments/-/strip-json-comments-5.0.3.tgz",
      "integrity": "sha512-1tB5mhVo7U+ETBKNf92xT4hrQa3pm0MZ0PQvuDnWgAAGHDsfp4lPSpiS6psrSiet87wyGPh9ft6wmhOMQ0hDiw==",
      "license": "MIT",
      "engines": {
        "node": ">=14.16"
      },
      "funding": {
        "url": "https://github.com/sponsors/sindresorhus"
      }
    }
  }
}
